
Microsoft Visual Studio Solution File, Format Version 12.00
# Visual Studio 14
VisualStudioVersion = 14.0.24720.0
MinimumVisualStudioVersion = 10.0.40219.1
Project("{FAE04EC0-301F-11D3-BF4B-00C04F79EFBC}") = "VIP_Parking", "VIP_Parking\VIP_Parking.csproj", "{6860D678-22D1-4B6F-96B6-E21E41640956}"
EndProject
Project("{FAE04EC0-301F-11D3-BF4B-00C04F79EFBC}") = "VIP_Parking_Tests", "VIP_Parking_Tests\VIP_Parking_Tests.csproj", "{67DCAF74-BF16-4EAE-B5CD-A5E4AEBADCC4}"
EndProject
Global
	GlobalSection(SolutionConfigurationPlatforms) = preSolution
		Debug|Any CPU = Debug|Any CPU
		Release|Any CPU = Release|Any CPU
	EndGlobalSection
	GlobalSection(ProjectConfigurationPlatforms) = postSolution
		{6860D678-22D1-4B6F-96B6-E21E41640956}.Debug|Any CPU.ActiveCfg = Debug|Any CPU
		{6860D678-22D1-4B6F-96B6-E21E41640956}.Debug|Any CPU.Build.0 = Debug|Any CPU
		{6860D678-22D1-4B6F-96B6-E21E41640956}.Release|Any CPU.ActiveCfg = Release|Any CPU
		{6860D678-22D1-4B6F-96B6-E21E41640956}.Release|Any CPU.Build.0 = Release|Any CPU
		{67DCAF74-BF16-4EAE-B5CD-A5E4AEBADCC4}.Debug|Any CPU.ActiveCfg = Debug|Any CPU
		{67DCAF74-BF16-4EAE-B5CD-A5E4AEBADCC4}.Debug|Any CPU.Build.0 = Debug|Any CPU
		{67DCAF74-BF16-4EAE-B5CD-A5E4AEBADCC4}.Release|Any CPU.ActiveCfg = Release|Any CPU
		{67DCAF74-BF16-4EAE-B5CD-A5E4AEBADCC4}.Release|Any CPU.Build.0 = Release|Any CPU
	EndGlobalSection
	GlobalSection(SolutionProperties) = preSolution
		HideSolutionNode = FALSE
	EndGlobalSection
EndGlobal
